
Microsoft Visual Studio Solution File, Format Version 12.00
# Visual Studio Version 17
VisualStudioVersion = 17.8.34330.188
MinimumVisualStudioVersion = 10.0.40219.1
Project("{9A19103F-16F7-4668-BE54-9A1E7A4F7556}") = "c#ApiLayout", "c#ApiLayout\c#ApiLayout.csproj", "{3A0F3A12-D8B0-4262-8F0C-EDDDE605BA94}"
EndProject
Project("{2150E333-8FDC-42A3-9474-1A3956D46DE8}") = "Solution Items", "Solution Items", "{D4F6A9F1-9ED2-4484-9180-A9A872CAEE68}"
	ProjectSection(SolutionItems) = preProject
		.editorconfig = .editorconfig
	EndProjectSection
EndProject
Global
	GlobalSection(SolutionConfigurationPlatforms) = preSolution
		Debug|Any CPU = Debug|Any CPU
		Release|Any CPU = Release|Any CPU
	EndGlobalSection
	GlobalSection(ProjectConfigurationPlatforms) = postSolution
		{3A0F3A12-D8B0-4262-8F0C-EDDDE605BA94}.Debug|Any CPU.ActiveCfg = Debug|Any CPU
		{3A0F3A12-D8B0-4262-8F0C-EDDDE605BA94}.Debug|Any CPU.Build.0 = Debug|Any CPU
		{3A0F3A12-D8B0-4262-8F0C-EDDDE605BA94}.Release|Any CPU.ActiveCfg = Release|Any CPU
		{3A0F3A12-D8B0-4262-8F0C-EDDDE605BA94}.Release|Any CPU.Build.0 = Release|Any CPU
	EndGlobalSection
	GlobalSection(SolutionProperties) = preSolution
		HideSolutionNode = FALSE
	EndGlobalSection
	GlobalSection(ExtensibilityGlobals) = postSolution
		SolutionGuid = {D55CEE73-89AE-40E8-B983-6635C8864E07}
	EndGlobalSection
EndGlobal
